
Microsoft Visual Studio Solution File, Format Version 12.00
# Visual Studio Version 16
VisualStudioVersion = 16.0.30204.135
MinimumVisualStudioVersion = 10.0.40219.1
Project("{9092AA53-FB77-4645-B42D-1CCCA6BD08BD}") = "PaasportAuthLab", "PaasportAuthLab\PaasportAuthLab.njsproj", "{AE195FCA-8FD5-4257-8350-19EB793BF848}"
EndProject
Global
	GlobalSection(SolutionConfigurationPlatforms) = preSolution
		Debug|Any CPU = Debug|Any CPU
		Release|Any CPU = Release|Any CPU
	EndGlobalSection
	GlobalSection(ProjectConfigurationPlatforms) = postSolution
		{AE195FCA-8FD5-4257-8350-19EB793BF848}.Debug|Any CPU.ActiveCfg = Debug|Any CPU
		{AE195FCA-8FD5-4257-8350-19EB793BF848}.Debug|Any CPU.Build.0 = Debug|Any CPU
		{AE195FCA-8FD5-4257-8350-19EB793BF848}.Release|Any CPU.ActiveCfg = Release|Any CPU
		{AE195FCA-8FD5-4257-8350-19EB793BF848}.Release|Any CPU.Build.0 = Release|Any CPU
	EndGlobalSection
	GlobalSection(SolutionProperties) = preSolution
		HideSolutionNode = FALSE
	EndGlobalSection
	GlobalSection(ExtensibilityGlobals) = postSolution
		SolutionGuid = {C442422A-CD0E-4400-936F-ED1A821C4659}
	EndGlobalSection
EndGlobal
